<?xml version="1.0" encoding="utf-8"?>
<Project ToolsVersion="4.0" xmlns="http://schemas.microsoft.com/developer/msbuild/2003">
  <ItemGroup>
    <Filter Include="ソース ファイル">
      <UniqueIdentifier>{4FC737F1-C7A5-4376-A066-2A32D752A2FF}</UniqueIdentifier>
      <Extensions>cpp;c;cc;cxx;def;odl;idl;hpj;bat;asm;asmx</Extensions>
    </Filter>
    <Filter Include="ヘッダー ファイル">
      <UniqueIdentifier>{93995380-89BD-4b04-88EB-625FBE52EBFB}</UniqueIdentifier>
      <Extensions>h;hpp;hxx;hm;inl;inc;xsd</Extensions>
    </Filter>
    <Filter Include="リソース ファイル">
      <UniqueIdentifier>{67DA6AB6-F800-4c08-8B7A-83BB121AAD01}</UniqueIdentifier>
      <Extensions>rc;ico;cur;bmp;dlg;rc2;rct;bin;rgs;gif;jpg;jpeg;jpe;resx;tiff;tif;png;wav;mfcribbon-ms</Extensions>
    </Filter>
  </ItemGroup>
  <ItemGroup>
    <ClInclude Include="include\magica\math\decimal.h">
      <Filter>ヘッダー ファイル</Filter>
    </ClInclude>
    <ClInclude Include="include\magica\math\libmgmath.h">
      <Filter>ヘッダー ファイル</Filter>
    </ClInclude>
    <ClInclude Include="include\magica\math\mgcompat.h">
      <Filter>ヘッダー ファイル</Filter>
    </ClInclude>
    <ClInclude Include="include\magica\decimal.h">
      <Filter>ヘッダー ファイル</Filter>
    </ClInclude>
    <ClInclude Include="include\magica\decimal\decimal.h">
      <Filter>ヘッダー ファイル</Filter>
    </ClInclude>
    <ClInclude Include="include\magica\decimal\mgcompat.h">
      <Filter>ヘッダー ファイル</Filter>
    </ClInclude>
    <ClInclude Include="include\magica\decimal\libmgdecimal.h">
      <Filter>ヘッダー ファイル</Filter>
    </ClInclude>
    <ClInclude Include="src\decimal_impl.h">
      <Filter>ヘッダー ファイル</Filter>
    </ClInclude>
    <ClInclude Include="src\double_impl.h">
      <Filter>ヘッダー ファイル</Filter>
    </ClInclude>
    <ClInclude Include="src\gen64\include\magica\arch\def.h">
      <Filter>ヘッダー ファイル</Filter>
    </ClInclude>
    <ClInclude Include="src\gen64\include\magica\arch\decimal_impl.h">
      <Filter>ヘッダー ファイル</Filter>
    </ClInclude>
    <ClInclude Include="src\gen64\include\magica\arch\uint256.h">
      <Filter>ヘッダー ファイル</Filter>
    </ClInclude>
    <ClInclude Include="src\gen32\include\magica\arch\def.h">
      <Filter>ヘッダー ファイル</Filter>
    </ClInclude>
    <ClInclude Include="src\gen32\include\magica\arch\uint256.h">
      <Filter>ヘッダー ファイル</Filter>
    </ClInclude>
    <ClInclude Include="src\x64-msc\include\magica\arch\uint256_add_ull.h">
      <Filter>ヘッダー ファイル</Filter>
    </ClInclude>
    <ClInclude Include="src\gen32\include\magica\arch\decimal_impl.h">
      <Filter>ヘッダー ファイル</Filter>
    </ClInclude>
  </ItemGroup>
  <ItemGroup>
    <ClCompile Include="src\decimal.c">
      <Filter>ソース ファイル</Filter>
    </ClCompile>
    <ClCompile Include="src\mg_uint256_conversion.c">
      <Filter>ソース ファイル</Filter>
    </ClCompile>
    <ClCompile Include="src\gen32\uint256.c">
      <Filter>ソース ファイル</Filter>
    </ClCompile>
    <ClCompile Include="src\gen64\uint256.c">
      <Filter>ソース ファイル</Filter>
    </ClCompile>
  </ItemGroup>
  <ItemGroup>
    <CustomBuild Include="src\asm\x64-win64\uint256_mul128.asm">
      <Filter>ソース ファイル</Filter>
    </CustomBuild>
    <CustomBuild Include="src\asm\x64-win64\uint256_mul_digits.asm">
      <Filter>ソース ファイル</Filter>
    </CustomBuild>
    <CustomBuild Include="src\asm\x86\uint256_mul_digits.asm">
      <Filter>ソース ファイル</Filter>
    </CustomBuild>
  </ItemGroup>
</Project>