<?xml version="1.0" encoding="utf-8"?>
<Project ToolsVersion="4.0" xmlns="http://schemas.microsoft.com/developer/msbuild/2003">
  <ItemGroup>
    <Filter Include="ソース ファイル">
      <UniqueIdentifier>{4FC737F1-C7A5-4376-A066-2A32D752A2FF}</UniqueIdentifier>
      <Extensions>cpp;c;cc;cxx;def;odl;idl;hpj;bat;asm;asmx</Extensions>
    </Filter>
    <Filter Include="ヘッダー ファイル">
      <UniqueIdentifier>{93995380-89BD-4b04-88EB-625FBE52EBFB}</UniqueIdentifier>
      <Extensions>h;hh;hpp;hxx;hm;inl;inc;xsd</Extensions>
    </Filter>
    <Filter Include="リソース ファイル">
      <UniqueIdentifier>{67DA6AB6-F800-4c08-8B7A-83BB121AAD01}</UniqueIdentifier>
      <Extensions>rc;ico;cur;bmp;dlg;rc2;rct;bin;rgs;gif;jpg;jpeg;jpe;resx;tiff;tif;png;wav;mfcribbon-ms</Extensions>
    </Filter>
  </ItemGroup>
  <ItemGroup>
    <ClCompile Include="test\main.c">
      <Filter>ソース ファイル</Filter>
    </ClCompile>
    <ClCompile Include="test\uint256_test.c">
      <Filter>ソース ファイル</Filter>
    </ClCompile>
    <ClCompile Include="test\decimal_zero_test.c">
      <Filter>ソース ファイル</Filter>
    </ClCompile>
    <ClCompile Include="test\decimal_subtract_test.c">
      <Filter>ソース ファイル</Filter>
    </ClCompile>
    <ClCompile Include="test\decimal_negative_test .c">
      <Filter>ソース ファイル</Filter>
    </ClCompile>
    <ClCompile Include="test\decimal_round_test.c">
      <Filter>ソース ファイル</Filter>
    </ClCompile>
    <ClCompile Include="test\decimal_multiply_test.c">
      <Filter>ソース ファイル</Filter>
    </ClCompile>
    <ClCompile Include="test\decimal_modulus_test.c">
      <Filter>ソース ファイル</Filter>
    </ClCompile>
    <ClCompile Include="test\decimal_divide_test.c">
      <Filter>ソース ファイル</Filter>
    </ClCompile>
    <ClCompile Include="test\decimal_divide_and_modulus_test.c">
      <Filter>ソース ファイル</Filter>
    </ClCompile>
    <ClCompile Include="test\decimal_convert_test.c">
      <Filter>ソース ファイル</Filter>
    </ClCompile>
    <ClCompile Include="test\decimal_compare_test.c">
      <Filter>ソース ファイル</Filter>
    </ClCompile>
    <ClCompile Include="test\decimal_add_test.c">
      <Filter>ソース ファイル</Filter>
    </ClCompile>
    <ClCompile Include="test\decimal_test.c">
      <Filter>ソース ファイル</Filter>
    </ClCompile>
    <ClCompile Include="test\decimal_error_test.c">
      <Filter>ソース ファイル</Filter>
    </ClCompile>
    <ClCompile Include="test\uint256_convert_test.c">
      <Filter>ソース ファイル</Filter>
    </ClCompile>
    <ClCompile Include="test\uint256_add_test.c">
      <Filter>ソース ファイル</Filter>
    </ClCompile>
    <ClCompile Include="test\uint256_div_test.c">
      <Filter>ソース ファイル</Filter>
    </ClCompile>
    <ClCompile Include="test\uint256_get_10eN_test.c">
      <Filter>ソース ファイル</Filter>
    </ClCompile>
    <ClCompile Include="test\uint256_mul_test.c">
      <Filter>ソース ファイル</Filter>
    </ClCompile>
    <ClCompile Include="test\decimal_value_test.c">
      <Filter>ソース ファイル</Filter>
    </ClCompile>
    <ClCompile Include="test\decimal_abs_test.c">
      <Filter>ソース ファイル</Filter>
    </ClCompile>
    <ClCompile Include="test\decimal_max_test.c">
      <Filter>ソース ファイル</Filter>
    </ClCompile>
    <ClCompile Include="test\decimal_min_test.c">
      <Filter>ソース ファイル</Filter>
    </ClCompile>
    <ClCompile Include="test\decimal_get_binary_test.c">
      <Filter>ソース ファイル</Filter>
    </ClCompile>
    <ClCompile Include="test\uint256_div_pattern_test .c">
      <Filter>ソース ファイル</Filter>
    </ClCompile>
    <ClCompile Include="src\priv_uint256.c">
      <Filter>ソース ファイル</Filter>
    </ClCompile>
    <ClCompile Include="test\uint256_left_shift_test.c">
      <Filter>ソース ファイル</Filter>
    </ClCompile>
    <ClCompile Include="test\uint256_right_shift_test.c">
      <Filter>ソース ファイル</Filter>
    </ClCompile>
    <ClCompile Include="test\uint256_get_max_bit_index_test.c">
      <Filter>ソース ファイル</Filter>
    </ClCompile>
    <ClCompile Include="test\uint256_get_bits_test.c">
      <Filter>ソース ファイル</Filter>
    </ClCompile>
  </ItemGroup>
  <ItemGroup>
    <ClInclude Include="test\mg_assert.h">
      <Filter>ヘッダー ファイル</Filter>
    </ClInclude>
    <ClInclude Include="src\arch64\uint256.h">
      <Filter>ヘッダー ファイル</Filter>
    </ClInclude>
    <ClInclude Include="src\arch32\uint256.h">
      <Filter>ヘッダー ファイル</Filter>
    </ClInclude>
    <ClInclude Include="src\arch64\intop.h">
      <Filter>ヘッダー ファイル</Filter>
    </ClInclude>
    <ClInclude Include="src\arch32\intop.h">
      <Filter>ヘッダー ファイル</Filter>
    </ClInclude>
  </ItemGroup>
</Project>