
Microsoft Visual Studio Solution File, Format Version 12.00
# Visual Studio 14
VisualStudioVersion = 14.0.25420.1
MinimumVisualStudioVersion = 10.0.40219.1
Project("{8BC9CEB8-8B4A-11D0-8D11-00A0C91BC942}") = "libmgdecimal", "libmgdecimal.vcxproj", "{222F2A3F-643B-4B0E-A176-36BEA0466D97}"
EndProject
Project("{8BC9CEB8-8B4A-11D0-8D11-00A0C91BC942}") = "libmgdecimal-test", "libmgdecimal-test.vcxproj", "{7C339981-76A3-4852-9068-A97C304C037C}"
	ProjectSection(ProjectDependencies) = postProject
		{222F2A3F-643B-4B0E-A176-36BEA0466D97} = {222F2A3F-643B-4B0E-A176-36BEA0466D97}
	EndProjectSection
EndProject
Global
	GlobalSection(SolutionConfigurationPlatforms) = preSolution
		Debug|x64 = Debug|x64
		Debug|x86 = Debug|x86
		DebugGen|x64 = DebugGen|x64
		DebugGen|x86 = DebugGen|x86
		Release|x64 = Release|x64
		Release|x86 = Release|x86
	EndGlobalSection
	GlobalSection(ProjectConfigurationPlatforms) = postSolution
		{222F2A3F-643B-4B0E-A176-36BEA0466D97}.Debug|x64.ActiveCfg = Debug|x64
		{222F2A3F-643B-4B0E-A176-36BEA0466D97}.Debug|x64.Build.0 = Debug|x64
		{222F2A3F-643B-4B0E-A176-36BEA0466D97}.Debug|x86.ActiveCfg = Debug|Win32
		{222F2A3F-643B-4B0E-A176-36BEA0466D97}.Debug|x86.Build.0 = Debug|Win32
		{222F2A3F-643B-4B0E-A176-36BEA0466D97}.DebugGen|x64.ActiveCfg = DebugGen|x64
		{222F2A3F-643B-4B0E-A176-36BEA0466D97}.DebugGen|x64.Build.0 = DebugGen|x64
		{222F2A3F-643B-4B0E-A176-36BEA0466D97}.DebugGen|x86.ActiveCfg = DebugGen|Win32
		{222F2A3F-643B-4B0E-A176-36BEA0466D97}.DebugGen|x86.Build.0 = DebugGen|Win32
		{222F2A3F-643B-4B0E-A176-36BEA0466D97}.Release|x64.ActiveCfg = Release|x64
		{222F2A3F-643B-4B0E-A176-36BEA0466D97}.Release|x64.Build.0 = Release|x64
		{222F2A3F-643B-4B0E-A176-36BEA0466D97}.Release|x86.ActiveCfg = Release|Win32
		{222F2A3F-643B-4B0E-A176-36BEA0466D97}.Release|x86.Build.0 = Release|Win32
		{7C339981-76A3-4852-9068-A97C304C037C}.Debug|x64.ActiveCfg = Debug|x64
		{7C339981-76A3-4852-9068-A97C304C037C}.Debug|x64.Build.0 = Debug|x64
		{7C339981-76A3-4852-9068-A97C304C037C}.Debug|x86.ActiveCfg = Debug|Win32
		{7C339981-76A3-4852-9068-A97C304C037C}.Debug|x86.Build.0 = Debug|Win32
		{7C339981-76A3-4852-9068-A97C304C037C}.DebugGen|x64.ActiveCfg = DebugGen|x64
		{7C339981-76A3-4852-9068-A97C304C037C}.DebugGen|x64.Build.0 = DebugGen|x64
		{7C339981-76A3-4852-9068-A97C304C037C}.DebugGen|x86.ActiveCfg = DebugGen|Win32
		{7C339981-76A3-4852-9068-A97C304C037C}.DebugGen|x86.Build.0 = DebugGen|Win32
		{7C339981-76A3-4852-9068-A97C304C037C}.Release|x64.ActiveCfg = Release|x64
		{7C339981-76A3-4852-9068-A97C304C037C}.Release|x64.Build.0 = Release|x64
		{7C339981-76A3-4852-9068-A97C304C037C}.Release|x86.ActiveCfg = Release|Win32
		{7C339981-76A3-4852-9068-A97C304C037C}.Release|x86.Build.0 = Release|Win32
	EndGlobalSection
	GlobalSection(SolutionProperties) = preSolution
		HideSolutionNode = FALSE
	EndGlobalSection
EndGlobal
